// !$*UTF8*$!
{
	archiveVersion = 1;
	classes = {
	};
	objectVersion = 46;
	objects = {

/* Begin PBXBuildFile section */
		C243D4391D6B37DE00BFCCC8 /* AppDelegate.swift in Sources */ = {isa = PBXBuildFile; fileRef = C243D4381D6B37DE00BFCCC8 /* AppDelegate.swift */; };
		C243D43B1D6B37DE00BFCCC8 /* ViewController.swift in Sources */ = {isa = PBXBuildFile; fileRef = C243D43A1D6B37DE00BFCCC8 /* ViewController.swift */; };
		C243D43E1D6B37DE00BFCCC8 /* Main.storyboard in Resources */ = {isa = PBXBuildFile; fileRef = C243D43C1D6B37DE00BFCCC8 /* Main.storyboard */; };
		C243D4401D6B37DE00BFCCC8 /* Assets.xcassets in Resources */ = {isa = PBXBuildFile; fileRef = C243D43F1D6B37DE00BFCCC8 /* Assets.xcassets */; };
		C243D4431D6B37DE00BFCCC8 /* LaunchScreen.storyboard in Resources */ = {isa = PBXBuildFile; fileRef = C243D4411D6B37DE00BFCCC8 /* LaunchScreen.storyboard */; };
/* End PBXBuildFile section */

/* Begin PBXFileReference section */
		C243D4351D6B37DE00BFCCC8 /* DoYouHaveAnExitPlan.app */ = {isa = PBXFileReference; explicitFileType = wrapper.application; includeInIndex = 0; path = DoYouHaveAnExitPlan.app; sourceTree = BUILT_PRODUCTS_DIR; };
		C243D4381D6B37DE00BFCCC8 /* AppDelegate.swift */ = {isa = PBXFileReference; lastKnownFileType = sourcecode.swift; path = AppDelegate.swift; sourceTree = "<group>"; };
		C243D43A1D6B37DE00BFCCC8 /* ViewController.swift */ = {isa = PBXFileReference; lastKnownFileType = sourcecode.swift; path = ViewController.swift; sourceTree = "<group>"; };
		C243D43D1D6B37DE00BFCCC8 /* Base */ = {isa = PBXFileReference; lastKnownFileType = file.storyboard; name = Base; path = Base.lproj/Main.storyboard; sourceTree = "<group>"; };
		C243D43F1D6B37DE00BFCCC8 /* Assets.xcassets */ = {isa = PBXFileReference; lastKnownFileType = folder.assetcatalog; path = Assets.xcassets; sourceTree = "<group>"; };
		C243D4421D6B37DE00BFCCC8 /* Base */ = {isa = PBXFileReference; lastKnownFileType = file.storyboard; name = Base; path = Base.lproj/LaunchScreen.storyboard; sourceTree = "<group>"; };
		C243D4441D6B37DE00BFCCC8 /* Info.plist */ = {isa = PBXFileReference; lastKnownFileType = text.plist.xml; path = Info.plist; sourceTree = "<group>"; };
/* End PBXFileReference section */

/* Begin PBXFrameworksBuildPhase section */
		C243D4321D6B37DE00BFCCC8 /* Frameworks */ = {
			isa = PBXFrameworksBuildPhase;
			buildActionMask = 2147483647;
			files = (
			);
			runOnlyForDeploymentPostprocessing = 0;
		};
/* End PBXFrameworksBuildPhase section */

/* Begin PBXGroup section */
		C243D42C1D6B37DE00BFCCC8 = {
			isa = PBXGroup;
			children = (
				C243D4371D6B37DE00BFCCC8 /* DoYouHaveAnExitPlan */,
				C243D4361D6B37DE00BFCCC8 /* Products */,
			);
			sourceTree = "<group>";
		};
		C243D4361D6B37DE00BFCCC8 /* Products */ = {
			isa = PBXGroup;
			children = (
				C243D4351D6B37DE00BFCCC8 /* DoYouHaveAnExitPlan.app */,
			);
			name = Products;
			sourceTree = "<group>";
		};
		C243D4371D6B37DE00BFCCC8 /* DoYouHaveAnExitPlan */ = {
			isa = PBXGroup;
			children = (
				C243D4381D6B37DE00BFCCC8 /* AppDelegate.swift */,
				C243D43A1D6B37DE00BFCCC8 /* ViewController.swift */,
				C243D43C1D6B37DE00BFCCC8 /* Main.storyboard */,
				C243D43F1D6B37DE00BFCCC8 /* Assets.xcassets */,
				C243D4411D6B37DE00BFCCC8 /* LaunchScreen.storyboard */,
				C243D4441D6B37DE00BFCCC8 /* Info.plist */,
			);
			path = DoYouHaveAnExitPlan;
			sourceTree = "<group>";
		};
/* End PBXGroup section */

/* Begin PBXNativeTarget section */
		C243D4341D6B37DE00BFCCC8 /* DoYouHaveAnExitPlan */ = {
			isa = PBXNativeTarget;
			buildConfigurationList = C243D4471D6B37DE00BFCCC8 /* Build configuration list for PBXNativeTarget "DoYouHaveAnExitPlan" */;
			buildPhases = (
				C243D4311D6B37DE00BFCCC8 /* Sources */,
				C243D4321D6B37DE00BFCCC8 /* Frameworks */,
				C243D4331D6B37DE00BFCCC8 /* Resources */,
			);
			buildRules = (
			);
			dependencies = (
			);
			name = DoYouHaveAnExitPlan;
			productName = DoYouHaveAnExitPlan;
			productReference = C243D4351D6B37DE00BFCCC8 /* DoYouHaveAnExitPlan.app */;
			productType = "com.apple.product-type.application";
		};
/* End PBXNativeTarget section */

/* Begin PBXProject section */
		C243D42D1D6B37DE00BFCCC8 /* Project object */ = {
			isa = PBXProject;
			attributes = {
				LastSwiftUpdateCheck = 0730;
				LastUpgradeCheck = 0730;
				ORGANIZATIONNAME = Tassja;
				TargetAttributes = {
					C243D4341D6B37DE00BFCCC8 = {
						CreatedOnToolsVersion = 7.3.1;
						DevelopmentTeam = LH6R2CGS9X;
					};
				};
			};
			buildConfigurationList = C243D4301D6B37DE00BFCCC8 /* Build configuration list for PBXProject "DoYouHaveAnExitPlan" */;
			compatibilityVersion = "Xcode 3.2";
			developmentRegion = English;
			hasScannedForEncodings = 0;
			knownRegions = (
				en,
				Base,
			);
			mainGroup = C243D42C1D6B37DE00BFCCC8;
			productRefGroup = C243D4361D6B37DE00BFCCC8 /* Products */;
			projectDirPath = "";
			projectRoot = "";
			targets = (
				C243D4341D6B37DE00BFCCC8 /* DoYouHaveAnExitPlan */,
			);
		};
/* End PBXProject section */

/* Begin PBXResourcesBuildPhase section */
		C243D4331D6B37DE00BFCCC8 /* Resources */ = {
			isa = PBXResourcesBuildPhase;
			buildActionMask = 2147483647;
			files = (
				C243D4431D6B37DE00BFCCC8 /* LaunchScreen.storyboard in Resources */,
				C243D4401D6B37DE00BFCCC8 /* Assets.xcassets in Resources */,
				C243D43E1D6B37DE00BFCCC8 /* Main.storyboard in Resources */,
			);
			runOnlyForDeploymentPostprocessing = 0;
		};
/* End PBXResourcesBuildPhase section */

/* Begin PBXSourcesBuildPhase section */
		C243D4311D6B37DE00BFCCC8 /* Sources */ = {
			isa = PBXSourcesBuildPhase;
			buildActionMask = 2147483647;
			files = (
				C243D43B1D6B37DE00BFCCC8 /* ViewController.swift in Sources */,
				C243D4391D6B37DE00BFCCC8 /* AppDelegate.swift in Sources */,
			);
			runOnlyForDeploymentPostprocessing = 0;
		};
/* End PBXSourcesBuildPhase section */

/* Begin PBXVariantGroup section */
		C243D43C1D6B37DE00BFCCC8 /* Main.storyboard */ = {
			isa = PBXVariantGroup;
			children = (
				C243D43D1D6B37DE00BFCCC8 /* Base */,
			);
			name = Main.storyboard;
			sourceTree = "<group>";
		};
		C243D4411D6B37DE00BFCCC8 /* LaunchScreen.storyboard */ = {
			isa = PBXVariantGroup;
			children = (
				C243D4421D6B37DE00BFCCC8 /* Base */,
			);
			name = LaunchScreen.storyboard;
			sourceTree = "<group>";
		};
/* End PBXVariantGroup section */

/* Begin XCBuildConfiguration section */
		C243D4451D6B37DE00BFCCC8 /* Debug */ = {
			isa = XCBuildConfiguration;
			buildSettings = {
				ALWAYS_SEARCH_USER_PATHS = NO;
				CLANG_ANALYZER_NONNULL = YES;
				CLANG_CXX_LANGUAGE_STANDARD = "gnu++0x";
				CLANG_CXX_LIBRARY = "libc++";
				CLANG_ENABLE_MODULES = YES;
				CLANG_ENABLE_OBJC_ARC = YES;
				CLANG_WARN_BOOL_CONVERSION = YES;
				CLANG_WARN_CONSTANT_CONVERSION = YES;
				CLANG_WARN_DIRECT_OBJC_ISA_USAGE = YES_ERROR;
				CLANG_WARN_EMPTY_BODY = YES;
				CLANG_WARN_ENUM_CONVERSION = YES;
				CLANG_WARN_INT_CONVERSION = YES;
				CLANG_WARN_OBJC_ROOT_CLASS = YES_ERROR;
				CLANG_WARN_UNREACHABLE_CODE = YES;
				CLANG_WARN__DUPLICATE_METHOD_MATCH = YES;
				"CODE_SIGN_IDENTITY[sdk=iphoneos*]" = "iPhone Developer";
				COPY_PHASE_STRIP = NO;
				DEBUG_INFORMATION_FORMAT = dwarf;
				ENABLE_STRICT_OBJC_MSGSEND = YES;
				ENABLE_TESTABILITY = YES;
				GCC_C_LANGUAGE_STANDARD = gnu99;
				GCC_DYNAMIC_NO_PIC = NO;
				GCC_NO_COMMON_BLOCKS = YES;
				GCC_OPTIMIZATION_LEVEL = 0;
				GCC_PREPROCESSOR_DEFINITIONS = (
					"DEBUG=1",
					"$(inherited)",
				);
				GCC_WARN_64_TO_32_BIT_CONVERSION = YES;
				GCC_WARN_ABOUT_RETURN_TYPE = YES_ERROR;
				GCC_WARN_UNDECLARED_SELECTOR = YES;
				GCC_WARN_UNINITIALIZED_AUTOS = YES_AGGRESSIVE;
				GCC_WARN_UNUSED_FUNCTION = YES;
				GCC_WARN_UNUSED_VARIABLE = YES;
				IPHONEOS_DEPLOYMENT_TARGET = 9.3;
				MTL_ENABLE_DEBUG_INFO = YES;
				ONLY_ACTIVE_ARCH = YES;
				SDKROOT = iphoneos;
				SWIFT_OPTIMIZATION_LEVEL = "-Onone";
				TARGETED_DEVICE_FAMILY = "1,2";
			};
			name = Debug;
		};
		C243D4461D6B37DE00BFCCC8 /* Release */ = {
			isa = XCBuildConfiguration;
			buildSettings = {
				ALWAYS_SEARCH_USER_PATHS = NO;
				CLANG_ANALYZER_NONNULL = YES;
				CLANG_CXX_LANGUAGE_STANDARD = "gnu++0x";
				CLANG_CXX_LIBRARY = "libc++";
				CLANG_ENABLE_MODULES = YES;
				CLANG_ENABLE_OBJC_ARC = YES;
				CLANG_WARN_BOOL_CONVERSION = YES;
				CLANG_WARN_CONSTANT_CONVERSION = YES;
				CLANG_WARN_DIRECT_OBJC_ISA_USAGE = YES_ERROR;
				CLANG_WARN_EMPTY_BODY = YES;
				CLANG_WARN_ENUM_CONVERSION = YES;
				CLANG_WARN_INT_CONVERSION = YES;
				CLANG_WARN_OBJC_ROOT_CLASS = YES_ERROR;
				CLANG_WARN_UNREACHABLE_CODE = YES;
				CLANG_WARN__DUPLICATE_METHOD_MATCH = YES;
				"CODE_SIGN_IDENTITY[sdk=iphoneos*]" = "iPhone Developer";
				COPY_PHASE_STRIP = NO;
				DEBUG_INFORMATION_FORMAT = "dwarf-with-dsym";
				ENABLE_NS_ASSERTIONS = NO;
				ENABLE_STRICT_OBJC_MSGSEND = YES;
				GCC_C_LANGUAGE_STANDARD = gnu99;
				GCC_NO_COMMON_BLOCKS = YES;
				GCC_WARN_64_TO_32_BIT_CONVERSION = YES;
				GCC_WARN_ABOUT_RETURN_TYPE = YES_ERROR;
				GCC_WARN_UNDECLARED_SELECTOR = YES;
				GCC_WARN_UNINITIALIZED_AUTOS = YES_AGGRESSIVE;
				GCC_WARN_UNUSED_FUNCTION = YES;
				GCC_WARN_UNUSED_VARIABLE = YES;
				IPHONEOS_DEPLOYMENT_TARGET = 9.3;
				MTL_ENABLE_DEBUG_INFO = NO;
				SDKROOT = iphoneos;
				TARGETED_DEVICE_FAMILY = "1,2";
				VALIDATE_PRODUCT = YES;
			};
			name = Release;
		};
		C243D4481D6B37DE00BFCCC8 /* Debug */ = {
			isa = XCBuildConfiguration;
			buildSettings = {
				ASSETCATALOG_COMPILER_APPICON_NAME = AppIcon;
				INFOPLIST_FILE = DoYouHaveAnExitPlan/Info.plist;
				LD_RUNPATH_SEARCH_PATHS = "$(inherited) @executable_path/Frameworks";
				PRODUCT_BUNDLE_IDENTIFIER = com.tassja.DoYouHaveAnExitPlan;
				PRODUCT_NAME = "$(TARGET_NAME)";
			};
			name = Debug;
		};
		C243D4491D6B37DE00BFCCC8 /* Release */ = {
			isa = XCBuildConfiguration;
			buildSettings = {
				ASSETCATALOG_COMPILER_APPICON_NAME = AppIcon;
				INFOPLIST_FILE = DoYouHaveAnExitPlan/Info.plist;
				LD_RUNPATH_SEARCH_PATHS = "$(inherited) @executable_path/Frameworks";
				PRODUCT_BUNDLE_IDENTIFIER = com.tassja.DoYouHaveAnExitPlan;
				PRODUCT_NAME = "$(TARGET_NAME)";
			};
			name = Release;
		};
/* End XCBuildConfiguration section */

/* Begin XCConfigurationList section */
		C243D4301D6B37DE00BFCCC8 /* Build configuration list for PBXProject "DoYouHaveAnExitPlan" */ = {
			isa = XCConfigurationList;
			buildConfigurations = (
				C243D4451D6B37DE00BFCCC8 /* Debug */,
				C243D4461D6B37DE00BFCCC8 /* Release */,
			);
			defaultConfigurationIsVisible = 0;
			defaultConfigurationName = Release;
		};
		C243D4471D6B37DE00BFCCC8 /* Build configuration list for PBXNativeTarget "DoYouHaveAnExitPlan" */ = {
			isa = XCConfigurationList;
			buildConfigurations = (
				C243D4481D6B37DE00BFCCC8 /* Debug */,
				C243D4491D6B37DE00BFCCC8 /* Release */,
			);
			defaultConfigurationIsVisible = 0;
		};
/* End XCConfigurationList section */
	};
	rootObject = C243D42D1D6B37DE00BFCCC8 /* Project object */;
}
